
Microsoft Visual Studio Solution File, Format Version 12.00
# Visual Studio Version 16
VisualStudioVersion = 16.0.31605.320
MinimumVisualStudioVersion = 10.0.40219.1
Project("{FAE04EC0-301F-11D3-BF4B-00C04F79EFBC}") = "CSharp_Deligates", "CSharp_Deligates.csproj", "{0087453C-DB1C-442B-B3D0-4A9BC9FA4669}"
EndProject
Global
	GlobalSection(SolutionConfigurationPlatforms) = preSolution
		Debug|Any CPU = Debug|Any CPU
		Release|Any CPU = Release|Any CPU
	EndGlobalSection
	GlobalSection(ProjectConfigurationPlatforms) = postSolution
		{0087453C-DB1C-442B-B3D0-4A9BC9FA4669}.Debug|Any CPU.ActiveCfg = Debug|Any CPU
		{0087453C-DB1C-442B-B3D0-4A9BC9FA4669}.Debug|Any CPU.Build.0 = Debug|Any CPU
		{0087453C-DB1C-442B-B3D0-4A9BC9FA4669}.Release|Any CPU.ActiveCfg = Release|Any CPU
		{0087453C-DB1C-442B-B3D0-4A9BC9FA4669}.Release|Any CPU.Build.0 = Release|Any CPU
	EndGlobalSection
	GlobalSection(SolutionProperties) = preSolution
		HideSolutionNode = FALSE
	EndGlobalSection
	GlobalSection(ExtensibilityGlobals) = postSolution
		SolutionGuid = {D98F39EA-7F96-459B-B5BC-722D37EB4155}
	EndGlobalSection
EndGlobal
